
Microsoft Visual Studio Solution File, Format Version 12.00
# Visual Studio 2012
Project("{FAE04EC0-301F-11D3-BF4B-00C04F79EFBC}") = "wwDrink", "wwDrink\wwDrink.csproj", "{9F881480-ABC0-49C6-B4E8-89A65FC9DAC7}"
EndProject
Project("{FAE04EC0-301F-11D3-BF4B-00C04F79EFBC}") = "wwDrink.Tests", "wwDrink.Tests\wwDrink.Tests.csproj", "{D0A69C99-470D-4EDF-9522-E3E0C7814FE2}"
EndProject
Project("{00D1A9C2-B5F0-4AF3-8072-F6C62B433612}") = "wwDrink.Database", "wwDrink.Database\wwDrink.Database.sqlproj", "{42D36A0C-0064-4A68-9681-6951482E7D0A}"
EndProject
Project("{FAE04EC0-301F-11D3-BF4B-00C04F79EFBC}") = "wwDrink.Scrapers", "wwDrink.Scrapers\wwDrink.Scrapers.csproj", "{692E795C-BD1F-4466-A209-54525C1403A1}"
EndProject
Project("{FAE04EC0-301F-11D3-BF4B-00C04F79EFBC}") = "wwDrink.data", "wwDrink.data\wwDrink.data.csproj", "{0384D164-A874-46C7-93F2-B11337D3EA87}"
EndProject
Global
	GlobalSection(SolutionConfigurationPlatforms) = preSolution
		Debug|Any CPU = Debug|Any CPU
		Release|Any CPU = Release|Any CPU
	EndGlobalSection
	GlobalSection(ProjectConfigurationPlatforms) = postSolution
		{9F881480-ABC0-49C6-B4E8-89A65FC9DAC7}.Debug|Any CPU.ActiveCfg = Debug|Any CPU
		{9F881480-ABC0-49C6-B4E8-89A65FC9DAC7}.Debug|Any CPU.Build.0 = Debug|Any CPU
		{9F881480-ABC0-49C6-B4E8-89A65FC9DAC7}.Release|Any CPU.ActiveCfg = Release|Any CPU
		{9F881480-ABC0-49C6-B4E8-89A65FC9DAC7}.Release|Any CPU.Build.0 = Release|Any CPU
		{D0A69C99-470D-4EDF-9522-E3E0C7814FE2}.Debug|Any CPU.ActiveCfg = Debug|Any CPU
		{D0A69C99-470D-4EDF-9522-E3E0C7814FE2}.Debug|Any CPU.Build.0 = Debug|Any CPU
		{D0A69C99-470D-4EDF-9522-E3E0C7814FE2}.Release|Any CPU.ActiveCfg = Release|Any CPU
		{D0A69C99-470D-4EDF-9522-E3E0C7814FE2}.Release|Any CPU.Build.0 = Release|Any CPU
		{42D36A0C-0064-4A68-9681-6951482E7D0A}.Debug|Any CPU.ActiveCfg = Debug|Any CPU
		{42D36A0C-0064-4A68-9681-6951482E7D0A}.Debug|Any CPU.Build.0 = Debug|Any CPU
		{42D36A0C-0064-4A68-9681-6951482E7D0A}.Debug|Any CPU.Deploy.0 = Debug|Any CPU
		{42D36A0C-0064-4A68-9681-6951482E7D0A}.Release|Any CPU.ActiveCfg = Release|Any CPU
		{42D36A0C-0064-4A68-9681-6951482E7D0A}.Release|Any CPU.Build.0 = Release|Any CPU
		{42D36A0C-0064-4A68-9681-6951482E7D0A}.Release|Any CPU.Deploy.0 = Release|Any CPU
		{692E795C-BD1F-4466-A209-54525C1403A1}.Debug|Any CPU.ActiveCfg = Debug|Any CPU
		{692E795C-BD1F-4466-A209-54525C1403A1}.Debug|Any CPU.Build.0 = Debug|Any CPU
		{692E795C-BD1F-4466-A209-54525C1403A1}.Release|Any CPU.ActiveCfg = Release|Any CPU
		{692E795C-BD1F-4466-A209-54525C1403A1}.Release|Any CPU.Build.0 = Release|Any CPU
		{0384D164-A874-46C7-93F2-B11337D3EA87}.Debug|Any CPU.ActiveCfg = Debug|Any CPU
		{0384D164-A874-46C7-93F2-B11337D3EA87}.Debug|Any CPU.Build.0 = Debug|Any CPU
		{0384D164-A874-46C7-93F2-B11337D3EA87}.Release|Any CPU.ActiveCfg = Release|Any CPU
		{0384D164-A874-46C7-93F2-B11337D3EA87}.Release|Any CPU.Build.0 = Release|Any CPU
	EndGlobalSection
	GlobalSection(SolutionProperties) = preSolution
		HideSolutionNode = FALSE
	EndGlobalSection
EndGlobal
